// !$*UTF8*$!
{
	archiveVersion = 1;
	classes = {
	};
	objectVersion = 50;
	objects = {

/* Begin PBXBuildFile section */
		FAB8656C2162BCCA00DA6B0D /* AppDelegate.swift in Sources */ = {isa = PBXBuildFile; fileRef = FAB8656B2162BCCA00DA6B0D /* AppDelegate.swift */; };
		FAB8656E2162BCCA00DA6B0D /* ViewController.swift in Sources */ = {isa = PBXBuildFile; fileRef = FAB8656D2162BCCA00DA6B0D /* ViewController.swift */; };
		FAB865712162BCCA00DA6B0D /* Main.storyboard in Resources */ = {isa = PBXBuildFile; fileRef = FAB8656F2162BCCA00DA6B0D /* Main.storyboard */; };
		FAB865732162BCCC00DA6B0D /* Assets.xcassets in Resources */ = {isa = PBXBuildFile; fileRef = FAB865722162BCCC00DA6B0D /* Assets.xcassets */; };
		FAB865762162BCCC00DA6B0D /* LaunchScreen.storyboard in Resources */ = {isa = PBXBuildFile; fileRef = FAB865742162BCCC00DA6B0D /* LaunchScreen.storyboard */; };
		FAB865812162BCCD00DA6B0D /* UserDefaultsTests.swift in Sources */ = {isa = PBXBuildFile; fileRef = FAB865802162BCCD00DA6B0D /* UserDefaultsTests.swift */; };
		FAB8658C2162BCCD00DA6B0D /* UserDefaultsUITests.swift in Sources */ = {isa = PBXBuildFile; fileRef = FAB8658B2162BCCD00DA6B0D /* UserDefaultsUITests.swift */; };
/* End PBXBuildFile section */

/* Begin PBXContainerItemProxy section */
		FAB8657D2162BCCC00DA6B0D /* PBXContainerItemProxy */ = {
			isa = PBXContainerItemProxy;
			containerPortal = FAB865602162BCCA00DA6B0D /* Project object */;
			proxyType = 1;
			remoteGlobalIDString = FAB865672162BCCA00DA6B0D;
			remoteInfo = UserDefaults;
		};
		FAB865882162BCCD00DA6B0D /* PBXContainerItemProxy */ = {
			isa = PBXContainerItemProxy;
			containerPortal = FAB865602162BCCA00DA6B0D /* Project object */;
			proxyType = 1;
			remoteGlobalIDString = FAB865672162BCCA00DA6B0D;
			remoteInfo = UserDefaults;
		};
/* End PBXContainerItemProxy section */

/* Begin PBXFileReference section */
		FAB865682162BCCA00DA6B0D /* UserDefaults.app */ = {isa = PBXFileReference; explicitFileType = wrapper.application; includeInIndex = 0; path = UserDefaults.app; sourceTree = BUILT_PRODUCTS_DIR; };
		FAB8656B2162BCCA00DA6B0D /* AppDelegate.swift */ = {isa = PBXFileReference; lastKnownFileType = sourcecode.swift; path = AppDelegate.swift; sourceTree = "<group>"; };
		FAB8656D2162BCCA00DA6B0D /* ViewController.swift */ = {isa = PBXFileReference; lastKnownFileType = sourcecode.swift; path = ViewController.swift; sourceTree = "<group>"; };
		FAB865702162BCCA00DA6B0D /* Base */ = {isa = PBXFileReference; lastKnownFileType = file.storyboard; name = Base; path = Base.lproj/Main.storyboard; sourceTree = "<group>"; };
		FAB865722162BCCC00DA6B0D /* Assets.xcassets */ = {isa = PBXFileReference; lastKnownFileType = folder.assetcatalog; path = Assets.xcassets; sourceTree = "<group>"; };
		FAB865752162BCCC00DA6B0D /* Base */ = {isa = PBXFileReference; lastKnownFileType = file.storyboard; name = Base; path = Base.lproj/LaunchScreen.storyboard; sourceTree = "<group>"; };
		FAB865772162BCCC00DA6B0D /* Info.plist */ = {isa = PBXFileReference; lastKnownFileType = text.plist.xml; path = Info.plist; sourceTree = "<group>"; };
		FAB8657C2162BCCC00DA6B0D /* UserDefaultsTests.xctest */ = {isa = PBXFileReference; explicitFileType = wrapper.cfbundle; includeInIndex = 0; path = UserDefaultsTests.xctest; sourceTree = BUILT_PRODUCTS_DIR; };
		FAB865802162BCCD00DA6B0D /* UserDefaultsTests.swift */ = {isa = PBXFileReference; lastKnownFileType = sourcecode.swift; path = UserDefaultsTests.swift; sourceTree = "<group>"; };
		FAB865822162BCCD00DA6B0D /* Info.plist */ = {isa = PBXFileReference; lastKnownFileType = text.plist.xml; path = Info.plist; sourceTree = "<group>"; };
		FAB865872162BCCD00DA6B0D /* UserDefaultsUITests.xctest */ = {isa = PBXFileReference; explicitFileType = wrapper.cfbundle; includeInIndex = 0; path = UserDefaultsUITests.xctest; sourceTree = BUILT_PRODUCTS_DIR; };
		FAB8658B2162BCCD00DA6B0D /* UserDefaultsUITests.swift */ = {isa = PBXFileReference; lastKnownFileType = sourcecode.swift; path = UserDefaultsUITests.swift; sourceTree = "<group>"; };
		FAB8658D2162BCCD00DA6B0D /* Info.plist */ = {isa = PBXFileReference; lastKnownFileType = text.plist.xml; path = Info.plist; sourceTree = "<group>"; };
/* End PBXFileReference section */

/* Begin PBXFrameworksBuildPhase section */
		FAB865652162BCCA00DA6B0D /* Frameworks */ = {
			isa = PBXFrameworksBuildPhase;
			buildActionMask = 2147483647;
			files = (
			);
			runOnlyForDeploymentPostprocessing = 0;
		};
		FAB865792162BCCC00DA6B0D /* Frameworks */ = {
			isa = PBXFrameworksBuildPhase;
			buildActionMask = 2147483647;
			files = (
			);
			runOnlyForDeploymentPostprocessing = 0;
		};
		FAB865842162BCCD00DA6B0D /* Frameworks */ = {
			isa = PBXFrameworksBuildPhase;
			buildActionMask = 2147483647;
			files = (
			);
			runOnlyForDeploymentPostprocessing = 0;
		};
/* End PBXFrameworksBuildPhase section */

/* Begin PBXGroup section */
		FAB8655F2162BCCA00DA6B0D = {
			isa = PBXGroup;
			children = (
				FAB8656A2162BCCA00DA6B0D /* UserDefaults */,
				FAB8657F2162BCCC00DA6B0D /* UserDefaultsTests */,
				FAB8658A2162BCCD00DA6B0D /* UserDefaultsUITests */,
				FAB865692162BCCA00DA6B0D /* Products */,
			);
			sourceTree = "<group>";
		};
		FAB865692162BCCA00DA6B0D /* Products */ = {
			isa = PBXGroup;
			children = (
				FAB865682162BCCA00DA6B0D /* UserDefaults.app */,
				FAB8657C2162BCCC00DA6B0D /* UserDefaultsTests.xctest */,
				FAB865872162BCCD00DA6B0D /* UserDefaultsUITests.xctest */,
			);
			name = Products;
			sourceTree = "<group>";
		};
		FAB8656A2162BCCA00DA6B0D /* UserDefaults */ = {
			isa = PBXGroup;
			children = (
				FAB8656B2162BCCA00DA6B0D /* AppDelegate.swift */,
				FAB8656D2162BCCA00DA6B0D /* ViewController.swift */,
				FAB8656F2162BCCA00DA6B0D /* Main.storyboard */,
				FAB865722162BCCC00DA6B0D /* Assets.xcassets */,
				FAB865742162BCCC00DA6B0D /* LaunchScreen.storyboard */,
				FAB865772162BCCC00DA6B0D /* Info.plist */,
			);
			path = UserDefaults;
			sourceTree = "<group>";
		};
		FAB8657F2162BCCC00DA6B0D /* UserDefaultsTests */ = {
			isa = PBXGroup;
			children = (
				FAB865802162BCCD00DA6B0D /* UserDefaultsTests.swift */,
				FAB865822162BCCD00DA6B0D /* Info.plist */,
			);
			path = UserDefaultsTests;
			sourceTree = "<group>";
		};
		FAB8658A2162BCCD00DA6B0D /* UserDefaultsUITests */ = {
			isa = PBXGroup;
			children = (
				FAB8658B2162BCCD00DA6B0D /* UserDefaultsUITests.swift */,
				FAB8658D2162BCCD00DA6B0D /* Info.plist */,
			);
			path = UserDefaultsUITests;
			sourceTree = "<group>";
		};
/* End PBXGroup section */

/* Begin PBXNativeTarget section */
		FAB865672162BCCA00DA6B0D /* UserDefaults */ = {
			isa = PBXNativeTarget;
			buildConfigurationList = FAB865902162BCCD00DA6B0D /* Build configuration list for PBXNativeTarget "UserDefaults" */;
			buildPhases = (
				FAB865642162BCCA00DA6B0D /* Sources */,
				FAB865652162BCCA00DA6B0D /* Frameworks */,
				FAB865662162BCCA00DA6B0D /* Resources */,
			);
			buildRules = (
			);
			dependencies = (
			);
			name = UserDefaults;
			productName = UserDefaults;
			productReference = FAB865682162BCCA00DA6B0D /* UserDefaults.app */;
			productType = "com.apple.product-type.application";
		};
		FAB8657B2162BCCC00DA6B0D /* UserDefaultsTests */ = {
			isa = PBXNativeTarget;
			buildConfigurationList = FAB865932162BCCD00DA6B0D /* Build configuration list for PBXNativeTarget "UserDefaultsTests" */;
			buildPhases = (
				FAB865782162BCCC00DA6B0D /* Sources */,
				FAB865792162BCCC00DA6B0D /* Frameworks */,
				FAB8657A2162BCCC00DA6B0D /* Resources */,
			);
			buildRules = (
			);
			dependencies = (
				FAB8657E2162BCCC00DA6B0D /* PBXTargetDependency */,
			);
			name = UserDefaultsTests;
			productName = UserDefaultsTests;
			productReference = FAB8657C2162BCCC00DA6B0D /* UserDefaultsTests.xctest */;
			productType = "com.apple.product-type.bundle.unit-test";
		};
		FAB865862162BCCD00DA6B0D /* UserDefaultsUITests */ = {
			isa = PBXNativeTarget;
			buildConfigurationList = FAB865962162BCCD00DA6B0D /* Build configuration list for PBXNativeTarget "UserDefaultsUITests" */;
			buildPhases = (
				FAB865832162BCCD00DA6B0D /* Sources */,
				FAB865842162BCCD00DA6B0D /* Frameworks */,
				FAB865852162BCCD00DA6B0D /* Resources */,
			);
			buildRules = (
			);
			dependencies = (
				FAB865892162BCCD00DA6B0D /* PBXTargetDependency */,
			);
			name = UserDefaultsUITests;
			productName = UserDefaultsUITests;
			productReference = FAB865872162BCCD00DA6B0D /* UserDefaultsUITests.xctest */;
			productType = "com.apple.product-type.bundle.ui-testing";
		};
/* End PBXNativeTarget section */

/* Begin PBXProject section */
		FAB865602162BCCA00DA6B0D /* Project object */ = {
			isa = PBXProject;
			attributes = {
				LastSwiftUpdateCheck = 0940;
				LastUpgradeCheck = 0940;
				ORGANIZATIONNAME = Macbook;
				TargetAttributes = {
					FAB865672162BCCA00DA6B0D = {
						CreatedOnToolsVersion = 9.4.1;
					};
					FAB8657B2162BCCC00DA6B0D = {
						CreatedOnToolsVersion = 9.4.1;
						TestTargetID = FAB865672162BCCA00DA6B0D;
					};
					FAB865862162BCCD00DA6B0D = {
						CreatedOnToolsVersion = 9.4.1;
						TestTargetID = FAB865672162BCCA00DA6B0D;
					};
				};
			};
			buildConfigurationList = FAB865632162BCCA00DA6B0D /* Build configuration list for PBXProject "UserDefaults" */;
			compatibilityVersion = "Xcode 9.3";
			developmentRegion = en;
			hasScannedForEncodings = 0;
			knownRegions = (
				en,
				Base,
			);
			mainGroup = FAB8655F2162BCCA00DA6B0D;
			productRefGroup = FAB865692162BCCA00DA6B0D /* Products */;
			projectDirPath = "";
			projectRoot = "";
			targets = (
				FAB865672162BCCA00DA6B0D /* UserDefaults */,
				FAB8657B2162BCCC00DA6B0D /* UserDefaultsTests */,
				FAB865862162BCCD00DA6B0D /* UserDefaultsUITests */,
			);
		};
/* End PBXProject section */

/* Begin PBXResourcesBuildPhase section */
		FAB865662162BCCA00DA6B0D /* Resources */ = {
			isa = PBXResourcesBuildPhase;
			buildActionMask = 2147483647;
			files = (
				FAB865762162BCCC00DA6B0D /* LaunchScreen.storyboard in Resources */,
				FAB865732162BCCC00DA6B0D /* Assets.xcassets in Resources */,
				FAB865712162BCCA00DA6B0D /* Main.storyboard in Resources */,
			);
			runOnlyForDeploymentPostprocessing = 0;
		};
		FAB8657A2162BCCC00DA6B0D /* Resources */ = {
			isa = PBXResourcesBuildPhase;
			buildActionMask = 2147483647;
			files = (
			);
			runOnlyForDeploymentPostprocessing = 0;
		};
		FAB865852162BCCD00DA6B0D /* Resources */ = {
			isa = PBXResourcesBuildPhase;
			buildActionMask = 2147483647;
			files = (
			);
			runOnlyForDeploymentPostprocessing = 0;
		};
/* End PBXResourcesBuildPhase section */

/* Begin PBXSourcesBuildPhase section */
		FAB865642162BCCA00DA6B0D /* Sources */ = {
			isa = PBXSourcesBuildPhase;
			buildActionMask = 2147483647;
			files = (
				FAB8656E2162BCCA00DA6B0D /* ViewController.swift in Sources */,
				FAB8656C2162BCCA00DA6B0D /* AppDelegate.swift in Sources */,
			);
			runOnlyForDeploymentPostprocessing = 0;
		};
		FAB865782162BCCC00DA6B0D /* Sources */ = {
			isa = PBXSourcesBuildPhase;
			buildActionMask = 2147483647;
			files = (
				FAB865812162BCCD00DA6B0D /* UserDefaultsTests.swift in Sources */,
			);
			runOnlyForDeploymentPostprocessing = 0;
		};
		FAB865832162BCCD00DA6B0D /* Sources */ = {
			isa = PBXSourcesBuildPhase;
			buildActionMask = 2147483647;
			files = (
				FAB8658C2162BCCD00DA6B0D /* UserDefaultsUITests.swift in Sources */,
			);
			runOnlyForDeploymentPostprocessing = 0;
		};
/* End PBXSourcesBuildPhase section */

/* Begin PBXTargetDependency section */
		FAB8657E2162BCCC00DA6B0D /* PBXTargetDependency */ = {
			isa = PBXTargetDependency;
			target = FAB865672162BCCA00DA6B0D /* UserDefaults */;
			targetProxy = FAB8657D2162BCCC00DA6B0D /* PBXContainerItemProxy */;
		};
		FAB865892162BCCD00DA6B0D /* PBXTargetDependency */ = {
			isa = PBXTargetDependency;
			target = FAB865672162BCCA00DA6B0D /* UserDefaults */;
			targetProxy = FAB865882162BCCD00DA6B0D /* PBXContainerItemProxy */;
		};
/* End PBXTargetDependency section */

/* Begin PBXVariantGroup section */
		FAB8656F2162BCCA00DA6B0D /* Main.storyboard */ = {
			isa = PBXVariantGroup;
			children = (
				FAB865702162BCCA00DA6B0D /* Base */,
			);
			name = Main.storyboard;
			sourceTree = "<group>";
		};
		FAB865742162BCCC00DA6B0D /* LaunchScreen.storyboard */ = {
			isa = PBXVariantGroup;
			children = (
				FAB865752162BCCC00DA6B0D /* Base */,
			);
			name = LaunchScreen.storyboard;
			sourceTree = "<group>";
		};
/* End PBXVariantGroup section */

/* Begin XCBuildConfiguration section */
		FAB8658E2162BCCD00DA6B0D /* Debug */ = {
			isa = XCBuildConfiguration;
			buildSettings = {
				ALWAYS_SEARCH_USER_PATHS = NO;
				CLANG_ANALYZER_NONNULL = YES;
				CLANG_ANALYZER_NUMBER_OBJECT_CONVERSION = YES_AGGRESSIVE;
				CLANG_CXX_LANGUAGE_STANDARD = "gnu++14";
				CLANG_CXX_LIBRARY = "libc++";
				CLANG_ENABLE_MODULES = YES;
				CLANG_ENABLE_OBJC_ARC = YES;
				CLANG_ENABLE_OBJC_WEAK = YES;
				CLANG_WARN_BLOCK_CAPTURE_AUTORELEASING = YES;
				CLANG_WARN_BOOL_CONVERSION = YES;
				CLANG_WARN_COMMA = YES;
				CLANG_WARN_CONSTANT_CONVERSION = YES;
				CLANG_WARN_DEPRECATED_OBJC_IMPLEMENTATIONS = YES;
				CLANG_WARN_DIRECT_OBJC_ISA_USAGE = YES_ERROR;
				CLANG_WARN_DOCUMENTATION_COMMENTS = YES;
				CLANG_WARN_EMPTY_BODY = YES;
				CLANG_WARN_ENUM_CONVERSION = YES;
				CLANG_WARN_INFINITE_RECURSION = YES;
				CLANG_WARN_INT_CONVERSION = YES;
				CLANG_WARN_NON_LITERAL_NULL_CONVERSION = YES;
				CLANG_WARN_OBJC_IMPLICIT_RETAIN_SELF = YES;
				CLANG_WARN_OBJC_LITERAL_CONVERSION = YES;
				CLANG_WARN_OBJC_ROOT_CLASS = YES_ERROR;
				CLANG_WARN_RANGE_LOOP_ANALYSIS = YES;
				CLANG_WARN_STRICT_PROTOTYPES = YES;
				CLANG_WARN_SUSPICIOUS_MOVE = YES;
				CLANG_WARN_UNGUARDED_AVAILABILITY = YES_AGGRESSIVE;
				CLANG_WARN_UNREACHABLE_CODE = YES;
				CLANG_WARN__DUPLICATE_METHOD_MATCH = YES;
				CODE_SIGN_IDENTITY = "iPhone Developer";
				COPY_PHASE_STRIP = NO;
				DEBUG_INFORMATION_FORMAT = dwarf;
				ENABLE_STRICT_OBJC_MSGSEND = YES;
				ENABLE_TESTABILITY = YES;
				GCC_C_LANGUAGE_STANDARD = gnu11;
				GCC_DYNAMIC_NO_PIC = NO;
				GCC_NO_COMMON_BLOCKS = YES;
				GCC_OPTIMIZATION_LEVEL = 0;
				GCC_PREPROCESSOR_DEFINITIONS = (
					"DEBUG=1",
					"$(inherited)",
				);
				GCC_WARN_64_TO_32_BIT_CONVERSION = YES;
				GCC_WARN_ABOUT_RETURN_TYPE = YES_ERROR;
				GCC_WARN_UNDECLARED_SELECTOR = YES;
				GCC_WARN_UNINITIALIZED_AUTOS = YES_AGGRESSIVE;
				GCC_WARN_UNUSED_FUNCTION = YES;
				GCC_WARN_UNUSED_VARIABLE = YES;
				IPHONEOS_DEPLOYMENT_TARGET = 11.4;
				MTL_ENABLE_DEBUG_INFO = YES;
				ONLY_ACTIVE_ARCH = YES;
				SDKROOT = iphoneos;
				SWIFT_ACTIVE_COMPILATION_CONDITIONS = DEBUG;
				SWIFT_OPTIMIZATION_LEVEL = "-Onone";
			};
			name = Debug;
		};
		FAB8658F2162BCCD00DA6B0D /* Release */ = {
			isa = XCBuildConfiguration;
			buildSettings = {
				ALWAYS_SEARCH_USER_PATHS = NO;
				CLANG_ANALYZER_NONNULL = YES;
				CLANG_ANALYZER_NUMBER_OBJECT_CONVERSION = YES_AGGRESSIVE;
				CLANG_CXX_LANGUAGE_STANDARD = "gnu++14";
				CLANG_CXX_LIBRARY = "libc++";
				CLANG_ENABLE_MODULES = YES;
				CLANG_ENABLE_OBJC_ARC = YES;
				CLANG_ENABLE_OBJC_WEAK = YES;
				CLANG_WARN_BLOCK_CAPTURE_AUTORELEASING = YES;
				CLANG_WARN_BOOL_CONVERSION = YES;
				CLANG_WARN_COMMA = YES;
				CLANG_WARN_CONSTANT_CONVERSION = YES;
				CLANG_WARN_DEPRECATED_OBJC_IMPLEMENTATIONS = YES;
				CLANG_WARN_DIRECT_OBJC_ISA_USAGE = YES_ERROR;
				CLANG_WARN_DOCUMENTATION_COMMENTS = YES;
				CLANG_WARN_EMPTY_BODY = YES;
				CLANG_WARN_ENUM_CONVERSION = YES;
				CLANG_WARN_INFINITE_RECURSION = YES;
				CLANG_WARN_INT_CONVERSION = YES;
				CLANG_WARN_NON_LITERAL_NULL_CONVERSION = YES;
				CLANG_WARN_OBJC_IMPLICIT_RETAIN_SELF = YES;
				CLANG_WARN_OBJC_LITERAL_CONVERSION = YES;
				CLANG_WARN_OBJC_ROOT_CLASS = YES_ERROR;
				CLANG_WARN_RANGE_LOOP_ANALYSIS = YES;
				CLANG_WARN_STRICT_PROTOTYPES = YES;
				CLANG_WARN_SUSPICIOUS_MOVE = YES;
				CLANG_WARN_UNGUARDED_AVAILABILITY = YES_AGGRESSIVE;
				CLANG_WARN_UNREACHABLE_CODE = YES;
				CLANG_WARN__DUPLICATE_METHOD_MATCH = YES;
				CODE_SIGN_IDENTITY = "iPhone Developer";
				COPY_PHASE_STRIP = NO;
				DEBUG_INFORMATION_FORMAT = "dwarf-with-dsym";
				ENABLE_NS_ASSERTIONS = NO;
				ENABLE_STRICT_OBJC_MSGSEND = YES;
				GCC_C_LANGUAGE_STANDARD = gnu11;
				GCC_NO_COMMON_BLOCKS = YES;
				GCC_WARN_64_TO_32_BIT_CONVERSION = YES;
				GCC_WARN_ABOUT_RETURN_TYPE = YES_ERROR;
				GCC_WARN_UNDECLARED_SELECTOR = YES;
				GCC_WARN_UNINITIALIZED_AUTOS = YES_AGGRESSIVE;
				GCC_WARN_UNUSED_FUNCTION = YES;
				GCC_WARN_UNUSED_VARIABLE = YES;
				IPHONEOS_DEPLOYMENT_TARGET = 11.4;
				MTL_ENABLE_DEBUG_INFO = NO;
				SDKROOT = iphoneos;
				SWIFT_COMPILATION_MODE = wholemodule;
				SWIFT_OPTIMIZATION_LEVEL = "-O";
				VALIDATE_PRODUCT = YES;
			};
			name = Release;
		};
		FAB865912162BCCD00DA6B0D /* Debug */ = {
			isa = XCBuildConfiguration;
			buildSettings = {
				ASSETCATALOG_COMPILER_APPICON_NAME = AppIcon;
				CODE_SIGN_STYLE = Automatic;
				INFOPLIST_FILE = UserDefaults/Info.plist;
				LD_RUNPATH_SEARCH_PATHS = (
					"$(inherited)",
					"@executable_path/Frameworks",
				);
				PRODUCT_BUNDLE_IDENTIFIER = com.lab.UserDefaults;
				PRODUCT_NAME = "$(TARGET_NAME)";
				SWIFT_VERSION = 4.0;
				TARGETED_DEVICE_FAMILY = "1,2";
			};
			name = Debug;
		};
		FAB865922162BCCD00DA6B0D /* Release */ = {
			isa = XCBuildConfiguration;
			buildSettings = {
				ASSETCATALOG_COMPILER_APPICON_NAME = AppIcon;
				CODE_SIGN_STYLE = Automatic;
				INFOPLIST_FILE = UserDefaults/Info.plist;
				LD_RUNPATH_SEARCH_PATHS = (
					"$(inherited)",
					"@executable_path/Frameworks",
				);
				PRODUCT_BUNDLE_IDENTIFIER = com.lab.UserDefaults;
				PRODUCT_NAME = "$(TARGET_NAME)";
				SWIFT_VERSION = 4.0;
				TARGETED_DEVICE_FAMILY = "1,2";
			};
			name = Release;
		};
		FAB865942162BCCD00DA6B0D /* Debug */ = {
			isa = XCBuildConfiguration;
			buildSettings = {
				ALWAYS_EMBED_SWIFT_STANDARD_LIBRARIES = YES;
				BUNDLE_LOADER = "$(TEST_HOST)";
				CODE_SIGN_STYLE = Automatic;
				INFOPLIST_FILE = UserDefaultsTests/Info.plist;
				LD_RUNPATH_SEARCH_PATHS = (
					"$(inherited)",
					"@executable_path/Frameworks",
					"@loader_path/Frameworks",
				);
				PRODUCT_BUNDLE_IDENTIFIER = com.lab.UserDefaultsTests;
				PRODUCT_NAME = "$(TARGET_NAME)";
				SWIFT_VERSION = 4.0;
				TARGETED_DEVICE_FAMILY = "1,2";
				TEST_HOST = "$(BUILT_PRODUCTS_DIR)/UserDefaults.app/UserDefaults";
			};
			name = Debug;
		};
		FAB865952162BCCD00DA6B0D /* Release */ = {
			isa = XCBuildConfiguration;
			buildSettings = {
				ALWAYS_EMBED_SWIFT_STANDARD_LIBRARIES = YES;
				BUNDLE_LOADER = "$(TEST_HOST)";
				CODE_SIGN_STYLE = Automatic;
				INFOPLIST_FILE = UserDefaultsTests/Info.plist;
				LD_RUNPATH_SEARCH_PATHS = (
					"$(inherited)",
					"@executable_path/Frameworks",
					"@loader_path/Frameworks",
				);
				PRODUCT_BUNDLE_IDENTIFIER = com.lab.UserDefaultsTests;
				PRODUCT_NAME = "$(TARGET_NAME)";
				SWIFT_VERSION = 4.0;
				TARGETED_DEVICE_FAMILY = "1,2";
				TEST_HOST = "$(BUILT_PRODUCTS_DIR)/UserDefaults.app/UserDefaults";
			};
			name = Release;
		};
		FAB865972162BCCD00DA6B0D /* Debug */ = {
			isa = XCBuildConfiguration;
			buildSettings = {
				ALWAYS_EMBED_SWIFT_STANDARD_LIBRARIES = YES;
				CODE_SIGN_STYLE = Automatic;
				INFOPLIST_FILE = UserDefaultsUITests/Info.plist;
				LD_RUNPATH_SEARCH_PATHS = (
					"$(inherited)",
					"@executable_path/Frameworks",
					"@loader_path/Frameworks",
				);
				PRODUCT_BUNDLE_IDENTIFIER = com.lab.UserDefaultsUITests;
				PRODUCT_NAME = "$(TARGET_NAME)";
				SWIFT_VERSION = 4.0;
				TARGETED_DEVICE_FAMILY = "1,2";
				TEST_TARGET_NAME = UserDefaults;
			};
			name = Debug;
		};
		FAB865982162BCCD00DA6B0D /* Release */ = {
			isa = XCBuildConfiguration;
			buildSettings = {
				ALWAYS_EMBED_SWIFT_STANDARD_LIBRARIES = YES;
				CODE_SIGN_STYLE = Automatic;
				INFOPLIST_FILE = UserDefaultsUITests/Info.plist;
				LD_RUNPATH_SEARCH_PATHS = (
					"$(inherited)",
					"@executable_path/Frameworks",
					"@loader_path/Frameworks",
				);
				PRODUCT_BUNDLE_IDENTIFIER = com.lab.UserDefaultsUITests;
				PRODUCT_NAME = "$(TARGET_NAME)";
				SWIFT_VERSION = 4.0;
				TARGETED_DEVICE_FAMILY = "1,2";
				TEST_TARGET_NAME = UserDefaults;
			};
			name = Release;
		};
/* End XCBuildConfiguration section */

/* Begin XCConfigurationList section */
		FAB865632162BCCA00DA6B0D /* Build configuration list for PBXProject "UserDefaults" */ = {
			isa = XCConfigurationList;
			buildConfigurations = (
				FAB8658E2162BCCD00DA6B0D /* Debug */,
				FAB8658F2162BCCD00DA6B0D /* Release */,
			);
			defaultConfigurationIsVisible = 0;
			defaultConfigurationName = Release;
		};
		FAB865902162BCCD00DA6B0D /* Build configuration list for PBXNativeTarget "UserDefaults" */ = {
			isa = XCConfigurationList;
			buildConfigurations = (
				FAB865912162BCCD00DA6B0D /* Debug */,
				FAB865922162BCCD00DA6B0D /* Release */,
			);
			defaultConfigurationIsVisible = 0;
			defaultConfigurationName = Release;
		};
		FAB865932162BCCD00DA6B0D /* Build configuration list for PBXNativeTarget "UserDefaultsTests" */ = {
			isa = XCConfigurationList;
			buildConfigurations = (
				FAB865942162BCCD00DA6B0D /* Debug */,
				FAB865952162BCCD00DA6B0D /* Release */,
			);
			defaultConfigurationIsVisible = 0;
			defaultConfigurationName = Release;
		};
		FAB865962162BCCD00DA6B0D /* Build configuration list for PBXNativeTarget "UserDefaultsUITests" */ = {
			isa = XCConfigurationList;
			buildConfigurations = (
				FAB865972162BCCD00DA6B0D /* Debug */,
				FAB865982162BCCD00DA6B0D /* Release */,
			);
			defaultConfigurationIsVisible = 0;
			defaultConfigurationName = Release;
		};
/* End XCConfigurationList section */
	};
	rootObject = FAB865602162BCCA00DA6B0D /* Project object */;
}
